
Microsoft Visual Studio Solution File, Format Version 12.00
# Visual Studio Version 16
VisualStudioVersion = 16.0.30717.126
MinimumVisualStudioVersion = 10.0.40219.1
Project("{9A19103F-16F7-4668-BE54-9A1E7A4F7556}") = "Kaboom.Testing", "Testing\Kaboom.Testing.csproj", "{01DE152B-ADAD-443C-9E1F-DE2D80471BEF}"
EndProject
Project("{9A19103F-16F7-4668-BE54-9A1E7A4F7556}") = "Kaboom.Abstraction", "Abstraction\Kaboom.Abstraction.csproj", "{FA665282-FE02-4BD2-A083-F1DC1ADE8929}"
EndProject
Project("{9A19103F-16F7-4668-BE54-9A1E7A4F7556}") = "Kaboom.Domain", "Domain\Kaboom.Domain.csproj", "{A269CA7C-9543-48AD-A9F1-2DAA19D749D3}"
EndProject
Project("{9A19103F-16F7-4668-BE54-9A1E7A4F7556}") = "Kaboom.Application", "Application\Kaboom.Application.csproj", "{CC939290-3BD8-4F51-8830-506439086D69}"
EndProject
Project("{9A19103F-16F7-4668-BE54-9A1E7A4F7556}") = "Kaboom.Adapters", "Adapters\Kaboom.Adapters.csproj", "{C397DFF0-AA98-4584-80A6-4B10F49E3299}"
EndProject
Project("{FAE04EC0-301F-11D3-BF4B-00C04F79EFBC}") = "Plugins", "Plugins\Plugins.csproj", "{1FE2625B-8E08-45F8-ACAC-03E4DD0FE54C}"
EndProject
Global
	GlobalSection(SolutionConfigurationPlatforms) = preSolution
		Debug|Any CPU = Debug|Any CPU
		Release|Any CPU = Release|Any CPU
	EndGlobalSection
	GlobalSection(ProjectConfigurationPlatforms) = postSolution
		{01DE152B-ADAD-443C-9E1F-DE2D80471BEF}.Debug|Any CPU.ActiveCfg = Debug|Any CPU
		{01DE152B-ADAD-443C-9E1F-DE2D80471BEF}.Debug|Any CPU.Build.0 = Debug|Any CPU
		{01DE152B-ADAD-443C-9E1F-DE2D80471BEF}.Release|Any CPU.ActiveCfg = Release|Any CPU
		{01DE152B-ADAD-443C-9E1F-DE2D80471BEF}.Release|Any CPU.Build.0 = Release|Any CPU
		{FA665282-FE02-4BD2-A083-F1DC1ADE8929}.Debug|Any CPU.ActiveCfg = Debug|Any CPU
		{FA665282-FE02-4BD2-A083-F1DC1ADE8929}.Debug|Any CPU.Build.0 = Debug|Any CPU
		{FA665282-FE02-4BD2-A083-F1DC1ADE8929}.Release|Any CPU.ActiveCfg = Release|Any CPU
		{FA665282-FE02-4BD2-A083-F1DC1ADE8929}.Release|Any CPU.Build.0 = Release|Any CPU
		{A269CA7C-9543-48AD-A9F1-2DAA19D749D3}.Debug|Any CPU.ActiveCfg = Debug|Any CPU
		{A269CA7C-9543-48AD-A9F1-2DAA19D749D3}.Debug|Any CPU.Build.0 = Debug|Any CPU
		{A269CA7C-9543-48AD-A9F1-2DAA19D749D3}.Release|Any CPU.ActiveCfg = Release|Any CPU
		{A269CA7C-9543-48AD-A9F1-2DAA19D749D3}.Release|Any CPU.Build.0 = Release|Any CPU
		{CC939290-3BD8-4F51-8830-506439086D69}.Debug|Any CPU.ActiveCfg = Debug|Any CPU
		{CC939290-3BD8-4F51-8830-506439086D69}.Debug|Any CPU.Build.0 = Debug|Any CPU
		{CC939290-3BD8-4F51-8830-506439086D69}.Release|Any CPU.ActiveCfg = Release|Any CPU
		{CC939290-3BD8-4F51-8830-506439086D69}.Release|Any CPU.Build.0 = Release|Any CPU
		{C397DFF0-AA98-4584-80A6-4B10F49E3299}.Debug|Any CPU.ActiveCfg = Debug|Any CPU
		{C397DFF0-AA98-4584-80A6-4B10F49E3299}.Debug|Any CPU.Build.0 = Debug|Any CPU
		{C397DFF0-AA98-4584-80A6-4B10F49E3299}.Release|Any CPU.ActiveCfg = Release|Any CPU
		{C397DFF0-AA98-4584-80A6-4B10F49E3299}.Release|Any CPU.Build.0 = Release|Any CPU
		{1FE2625B-8E08-45F8-ACAC-03E4DD0FE54C}.Debug|Any CPU.ActiveCfg = Debug|Any CPU
		{1FE2625B-8E08-45F8-ACAC-03E4DD0FE54C}.Debug|Any CPU.Build.0 = Debug|Any CPU
		{1FE2625B-8E08-45F8-ACAC-03E4DD0FE54C}.Release|Any CPU.ActiveCfg = Release|Any CPU
		{1FE2625B-8E08-45F8-ACAC-03E4DD0FE54C}.Release|Any CPU.Build.0 = Release|Any CPU
	EndGlobalSection
	GlobalSection(SolutionProperties) = preSolution
		HideSolutionNode = FALSE
	EndGlobalSection
	GlobalSection(ExtensibilityGlobals) = postSolution
		SolutionGuid = {4AABB9D3-5CA8-42AE-A708-C6F3D32B2299}
	EndGlobalSection
EndGlobal
